
Microsoft Visual Studio Solution File, Format Version 12.00
# Visual Studio 15
VisualStudioVersion = 15.0.27130.2027
MinimumVisualStudioVersion = 10.0.40219.1
Project("{FAE04EC0-301F-11D3-BF4B-00C04F79EFBC}") = "Web", "Web\Web.csproj", "{D4040683-387F-46FC-9461-A75A068318E8}"
EndProject
Project("{FAE04EC0-301F-11D3-BF4B-00C04F79EFBC}") = "ConsoleTest", "ConsoleTest\ConsoleTest.csproj", "{4F07C3AD-D70A-49C2-9945-0572D0154054}"
EndProject
Project("{FAE04EC0-301F-11D3-BF4B-00C04F79EFBC}") = "DAL", "DAL\DAL.csproj", "{596E1457-C176-43B8-908C-C194078E7621}"
EndProject
Global
	GlobalSection(SolutionConfigurationPlatforms) = preSolution
		Debug|Any CPU = Debug|Any CPU
		Release|Any CPU = Release|Any CPU
	EndGlobalSection
	GlobalSection(ProjectConfigurationPlatforms) = postSolution
		{D4040683-387F-46FC-9461-A75A068318E8}.Debug|Any CPU.ActiveCfg = Debug|Any CPU
		{D4040683-387F-46FC-9461-A75A068318E8}.Debug|Any CPU.Build.0 = Debug|Any CPU
		{D4040683-387F-46FC-9461-A75A068318E8}.Release|Any CPU.ActiveCfg = Release|Any CPU
		{D4040683-387F-46FC-9461-A75A068318E8}.Release|Any CPU.Build.0 = Release|Any CPU
		{4F07C3AD-D70A-49C2-9945-0572D0154054}.Debug|Any CPU.ActiveCfg = Debug|Any CPU
		{4F07C3AD-D70A-49C2-9945-0572D0154054}.Debug|Any CPU.Build.0 = Debug|Any CPU
		{4F07C3AD-D70A-49C2-9945-0572D0154054}.Release|Any CPU.ActiveCfg = Release|Any CPU
		{4F07C3AD-D70A-49C2-9945-0572D0154054}.Release|Any CPU.Build.0 = Release|Any CPU
		{596E1457-C176-43B8-908C-C194078E7621}.Debug|Any CPU.ActiveCfg = Debug|Any CPU
		{596E1457-C176-43B8-908C-C194078E7621}.Debug|Any CPU.Build.0 = Debug|Any CPU
		{596E1457-C176-43B8-908C-C194078E7621}.Release|Any CPU.ActiveCfg = Release|Any CPU
		{596E1457-C176-43B8-908C-C194078E7621}.Release|Any CPU.Build.0 = Release|Any CPU
	EndGlobalSection
	GlobalSection(SolutionProperties) = preSolution
		HideSolutionNode = FALSE
	EndGlobalSection
	GlobalSection(ExtensibilityGlobals) = postSolution
		SolutionGuid = {F851F4B7-9B4F-42FB-AF1C-B81D72995261}
	EndGlobalSection
EndGlobal
